
Microsoft Visual Studio Solution File, Format Version 12.00
# Visual Studio Version 17
VisualStudioVersion = 17.10.35122.118
MinimumVisualStudioVersion = 10.0.40219.1
Project("{FAE04EC0-301F-11D3-BF4B-00C04F79EFBC}") = "LibraryManagementSystem", "LibraryManagementSystem.csproj", "{045DE42A-36A7-418D-A32E-EF75AF2325EE}"
EndProject
Global
	GlobalSection(SolutionConfigurationPlatforms) = preSolution
		Debug|Any CPU = Debug|Any CPU
		Release|Any CPU = Release|Any CPU
	EndGlobalSection
	GlobalSection(ProjectConfigurationPlatforms) = postSolution
		{045DE42A-36A7-418D-A32E-EF75AF2325EE}.Debug|Any CPU.ActiveCfg = Debug|Any CPU
		{045DE42A-36A7-418D-A32E-EF75AF2325EE}.Debug|Any CPU.Build.0 = Debug|Any CPU
		{045DE42A-36A7-418D-A32E-EF75AF2325EE}.Release|Any CPU.ActiveCfg = Release|Any CPU
		{045DE42A-36A7-418D-A32E-EF75AF2325EE}.Release|Any CPU.Build.0 = Release|Any CPU
	EndGlobalSection
	GlobalSection(SolutionProperties) = preSolution
		HideSolutionNode = FALSE
	EndGlobalSection
	GlobalSection(ExtensibilityGlobals) = postSolution
		SolutionGuid = {F75E6A61-58E0-4992-9EC5-52BF74703A34}
	EndGlobalSection
EndGlobal
