
Microsoft Visual Studio Solution File, Format Version 12.00
# Visual Studio Version 17
VisualStudioVersion = 17.10.35122.118
MinimumVisualStudioVersion = 10.0.40219.1
Project("{9A19103F-16F7-4668-BE54-9A1E7A4F7556}") = "TemperatureConverter", "TemperatureConverter.csproj", "{B96D6147-92A0-4D86-85D3-7622B8CFDE63}"
EndProject
Project("{9A19103F-16F7-4668-BE54-9A1E7A4F7556}") = "ASCIIConverter", "..\ASCIIConverter\ASCIIConverter.csproj", "{76BE8D65-96CD-4BB1-8B9B-F10E6094C0AE}"
EndProject
Project("{9A19103F-16F7-4668-BE54-9A1E7A4F7556}") = "RectangleArea", "..\Area\RectangleArea.csproj", "{40CD61AB-B48E-4BC3-AD8A-0A4695DF0978}"
EndProject
Project("{9A19103F-16F7-4668-BE54-9A1E7A4F7556}") = "MonthAndYearGetter", "..\MonthAndYearGetter\MonthAndYearGetter.csproj", "{95F951E6-9078-4F43-9FC8-D8AB77636F6B}"
EndProject
Project("{9A19103F-16F7-4668-BE54-9A1E7A4F7556}") = "NumberSwapper", "..\NumberSwapper\NumberSwapper.csproj", "{6EC43F1A-6990-418C-A4A3-6B767DC08FB8}"
EndProject
Project("{9A19103F-16F7-4668-BE54-9A1E7A4F7556}") = "OddAndEvenChecker", "..\OddAndEvenChecker\OddAndEvenChecker.csproj", "{4C7D21C2-4A56-411F-A011-D87C7F373037}"
EndProject
Project("{9A19103F-16F7-4668-BE54-9A1E7A4F7556}") = "NegativePositiveChecker", "..\NegativePositiveChecker\NegativePositiveChecker.csproj", "{9C7552BF-3087-440B-BC49-F52D77529693}"
EndProject
Project("{9A19103F-16F7-4668-BE54-9A1E7A4F7556}") = "TwoAndThreeDivisibility", "..\TwoAndThreeDivisibility\TwoAndThreeDivisibility.csproj", "{83ECA5CC-F030-476E-A419-F0D09B12F90A}"
EndProject
Project("{9A19103F-16F7-4668-BE54-9A1E7A4F7556}") = "SameNumberChecker", "..\SameNumberChecker\SameNumberChecker.csproj", "{6A1BF269-BF1A-4567-815C-05D355E0C9D1}"
EndProject
Project("{9A19103F-16F7-4668-BE54-9A1E7A4F7556}") = "NumberToLetter", "..\NumberToLetter\NumberToLetter.csproj", "{E8E97F25-8CFB-4D54-A867-A54FD0EBA0F1}"
EndProject
Project("{9A19103F-16F7-4668-BE54-9A1E7A4F7556}") = "PasswordChecker", "..\PasswordChecker\PasswordChecker.csproj", "{5FFCB5D3-7329-4DC7-A6B3-74E42EA3C9E0}"
EndProject
Project("{9A19103F-16F7-4668-BE54-9A1E7A4F7556}") = "LearYearChecker", "..\LearYearChecker\LearYearChecker.csproj", "{3B3E15C7-05FE-49C1-AF2D-734C2A37B40E}"
EndProject
Project("{9A19103F-16F7-4668-BE54-9A1E7A4F7556}") = "MultiplicationTable", "..\MultiplicationTable\MultiplicationTable.csproj", "{F030C8A7-9BB2-416D-ABCE-83DBA4533E03}"
EndProject
Project("{9A19103F-16F7-4668-BE54-9A1E7A4F7556}") = "MaxArray", "..\MaxArray\MaxArray.csproj", "{624EEDF1-0A18-46CC-B7DE-50816F87B221}"
EndProject
Project("{9A19103F-16F7-4668-BE54-9A1E7A4F7556}") = "EvenNumbers", "..\EvenNumbers\EvenNumbers.csproj", "{46FA9043-57A6-49C5-AA7E-EBC015BF1409}"
EndProject
Project("{9A19103F-16F7-4668-BE54-9A1E7A4F7556}") = "OddNumbers", "..\OddNumbers\OddNumbers.csproj", "{2035E6FC-9112-452F-BA2A-D36D31E7E7A0}"
EndProject
Project("{9A19103F-16F7-4668-BE54-9A1E7A4F7556}") = "ChristmasTree", "..\ChristmasTree\ChristmasTree.csproj", "{1DEA9A91-A5DD-4348-8DE1-01FD5D87AA8B}"
EndProject
Project("{9A19103F-16F7-4668-BE54-9A1E7A4F7556}") = "RangeAndAverage", "..\RangeAndAverage\RangeAndAverage.csproj", "{412F4AAD-37F4-4E7B-8AB1-29D4120BA392}"
EndProject
Project("{9A19103F-16F7-4668-BE54-9A1E7A4F7556}") = "ReverseInteger", "..\ReverseInteger\ReverseInteger.csproj", "{B460470B-0570-4FB0-B0AE-CFB0FD589F67}"
EndProject
Project("{9A19103F-16F7-4668-BE54-9A1E7A4F7556}") = "IgnoreThreeNumbers", "..\IgnoreThreeNumbers\IgnoreThreeNumbers.csproj", "{34BD58CD-472B-4196-B0F1-A4C2A11F1C3B}"
EndProject
Project("{9A19103F-16F7-4668-BE54-9A1E7A4F7556}") = "FirstAndLastDigitFinder", "..\FirstAndLastDigitFinder\FirstAndLastDigitFinder.csproj", "{726E051E-0CB5-4536-B689-EB7500B13E83}"
EndProject
Project("{9A19103F-16F7-4668-BE54-9A1E7A4F7556}") = "SumOfDigitInNumber", "..\SumOfDigitInNumber\SumOfDigitInNumber.csproj", "{446821A8-2862-4ADD-A794-8369EC76FBE2}"
EndProject
Project("{9A19103F-16F7-4668-BE54-9A1E7A4F7556}") = "EvenDIigtsAddition", "..\EvenDIigtsAddition\EvenDIigtsAddition.csproj", "{191D46A9-7E00-4CA5-A241-A8B95C2A8019}"
EndProject
Project("{9A19103F-16F7-4668-BE54-9A1E7A4F7556}") = "PositiveAndNegativeArraySeparator", "..\PositiveAndNegativeArraySeparator\PositiveAndNegativeArraySeparator.csproj", "{A691ADF8-1DA2-46BE-BFB6-CE520F6ECE0F}"
EndProject
Project("{9A19103F-16F7-4668-BE54-9A1E7A4F7556}") = "PersonFinderMethod", "..\PersonFinderMethod\PersonFinderMethod.csproj", "{9C7DB464-0601-4C68-A57F-C0752C046760}"
EndProject
Project("{9A19103F-16F7-4668-BE54-9A1E7A4F7556}") = "LessThenEvenNumberGetter", "..\LessThenEvenNumberGetter\LessThenEvenNumberGetter.csproj", "{DCFE2D7C-EF3C-4719-A38F-33ED856D4250}"
EndProject
Project("{9A19103F-16F7-4668-BE54-9A1E7A4F7556}") = "SumOfDigit", "..\SumOfDigit\SumOfDigit.csproj", "{B11E2F66-B9FE-4A68-9907-1C1B5513461D}"
EndProject
Project("{9A19103F-16F7-4668-BE54-9A1E7A4F7556}") = "MaxFinderMethod", "..\MaxFinder\MaxFinderMethod.csproj", "{C47AE101-708C-4B5F-8873-87E89ADEB422}"
EndProject
Project("{9A19103F-16F7-4668-BE54-9A1E7A4F7556}") = "StringMixerMethod", "..\StringMixerMethod\StringMixerMethod.csproj", "{828EA200-ADEC-4A9F-8427-A216D2A09FCE}"
EndProject
Project("{9A19103F-16F7-4668-BE54-9A1E7A4F7556}") = "BankAccountClass", "..\BankAccountClass\BankAccountClass.csproj", "{DD62CDAE-35AF-481A-A60D-D2C2FCDC4007}"
EndProject
Project("{9A19103F-16F7-4668-BE54-9A1E7A4F7556}") = "NumberDivision", "..\NumberDivision\NumberDivision.csproj", "{62140975-CC3A-4D79-A5E3-C3AB4DFF4A5C}"
EndProject
Project("{9A19103F-16F7-4668-BE54-9A1E7A4F7556}") = "NegativeNumberException", "..\NegativeNumberException\NegativeNumberException.csproj", "{26522CFC-87EE-47CF-A7FF-E88EBD601500}"
EndProject
Project("{9A19103F-16F7-4668-BE54-9A1E7A4F7556}") = "RangeException", "..\RangeException\RangeException.csproj", "{D0FE3AEA-ECAB-43FC-B37D-C2F22CF313F4}"
EndProject
Project("{9A19103F-16F7-4668-BE54-9A1E7A4F7556}") = "StringToIntegerException", "..\StringToIntegerException\StringToIntegerException.csproj", "{6952BF3F-11AC-4CDB-B620-2B5E0AFC24B2}"
EndProject
Project("{9A19103F-16F7-4668-BE54-9A1E7A4F7556}") = "DivisionByZeroException", "..\DivisionByZeroException\DivisionByZeroException.csproj", "{DD9BA800-901D-4BC1-84D4-60CC3EC87C8B}"
EndProject
Project("{FAE04EC0-301F-11D3-BF4B-00C04F79EFBC}") = "InputValidationLibrary", "..\InputValidationLibrary\InputValidationLibrary.csproj", "{2FB08481-FCA2-4D7D-8DF5-5C565A378836}"
EndProject
Global
	GlobalSection(SolutionConfigurationPlatforms) = preSolution
		Debug|Any CPU = Debug|Any CPU
		Release|Any CPU = Release|Any CPU
	EndGlobalSection
	GlobalSection(ProjectConfigurationPlatforms) = postSolution
		{B96D6147-92A0-4D86-85D3-7622B8CFDE63}.Debug|Any CPU.ActiveCfg = Debug|Any CPU
		{B96D6147-92A0-4D86-85D3-7622B8CFDE63}.Debug|Any CPU.Build.0 = Debug|Any CPU
		{B96D6147-92A0-4D86-85D3-7622B8CFDE63}.Release|Any CPU.ActiveCfg = Release|Any CPU
		{B96D6147-92A0-4D86-85D3-7622B8CFDE63}.Release|Any CPU.Build.0 = Release|Any CPU
		{76BE8D65-96CD-4BB1-8B9B-F10E6094C0AE}.Debug|Any CPU.ActiveCfg = Debug|Any CPU
		{76BE8D65-96CD-4BB1-8B9B-F10E6094C0AE}.Debug|Any CPU.Build.0 = Debug|Any CPU
		{76BE8D65-96CD-4BB1-8B9B-F10E6094C0AE}.Release|Any CPU.ActiveCfg = Release|Any CPU
		{76BE8D65-96CD-4BB1-8B9B-F10E6094C0AE}.Release|Any CPU.Build.0 = Release|Any CPU
		{40CD61AB-B48E-4BC3-AD8A-0A4695DF0978}.Debug|Any CPU.ActiveCfg = Debug|Any CPU
		{40CD61AB-B48E-4BC3-AD8A-0A4695DF0978}.Debug|Any CPU.Build.0 = Debug|Any CPU
		{40CD61AB-B48E-4BC3-AD8A-0A4695DF0978}.Release|Any CPU.ActiveCfg = Release|Any CPU
		{40CD61AB-B48E-4BC3-AD8A-0A4695DF0978}.Release|Any CPU.Build.0 = Release|Any CPU
		{95F951E6-9078-4F43-9FC8-D8AB77636F6B}.Debug|Any CPU.ActiveCfg = Debug|Any CPU
		{95F951E6-9078-4F43-9FC8-D8AB77636F6B}.Debug|Any CPU.Build.0 = Debug|Any CPU
		{95F951E6-9078-4F43-9FC8-D8AB77636F6B}.Release|Any CPU.ActiveCfg = Release|Any CPU
		{95F951E6-9078-4F43-9FC8-D8AB77636F6B}.Release|Any CPU.Build.0 = Release|Any CPU
		{6EC43F1A-6990-418C-A4A3-6B767DC08FB8}.Debug|Any CPU.ActiveCfg = Debug|Any CPU
		{6EC43F1A-6990-418C-A4A3-6B767DC08FB8}.Debug|Any CPU.Build.0 = Debug|Any CPU
		{6EC43F1A-6990-418C-A4A3-6B767DC08FB8}.Release|Any CPU.ActiveCfg = Release|Any CPU
		{6EC43F1A-6990-418C-A4A3-6B767DC08FB8}.Release|Any CPU.Build.0 = Release|Any CPU
		{4C7D21C2-4A56-411F-A011-D87C7F373037}.Debug|Any CPU.ActiveCfg = Debug|Any CPU
		{4C7D21C2-4A56-411F-A011-D87C7F373037}.Debug|Any CPU.Build.0 = Debug|Any CPU
		{4C7D21C2-4A56-411F-A011-D87C7F373037}.Release|Any CPU.ActiveCfg = Release|Any CPU
		{4C7D21C2-4A56-411F-A011-D87C7F373037}.Release|Any CPU.Build.0 = Release|Any CPU
		{9C7552BF-3087-440B-BC49-F52D77529693}.Debug|Any CPU.ActiveCfg = Debug|Any CPU
		{9C7552BF-3087-440B-BC49-F52D77529693}.Debug|Any CPU.Build.0 = Debug|Any CPU
		{9C7552BF-3087-440B-BC49-F52D77529693}.Release|Any CPU.ActiveCfg = Release|Any CPU
		{9C7552BF-3087-440B-BC49-F52D77529693}.Release|Any CPU.Build.0 = Release|Any CPU
		{83ECA5CC-F030-476E-A419-F0D09B12F90A}.Debug|Any CPU.ActiveCfg = Debug|Any CPU
		{83ECA5CC-F030-476E-A419-F0D09B12F90A}.Debug|Any CPU.Build.0 = Debug|Any CPU
		{83ECA5CC-F030-476E-A419-F0D09B12F90A}.Release|Any CPU.ActiveCfg = Release|Any CPU
		{83ECA5CC-F030-476E-A419-F0D09B12F90A}.Release|Any CPU.Build.0 = Release|Any CPU
		{6A1BF269-BF1A-4567-815C-05D355E0C9D1}.Debug|Any CPU.ActiveCfg = Debug|Any CPU
		{6A1BF269-BF1A-4567-815C-05D355E0C9D1}.Debug|Any CPU.Build.0 = Debug|Any CPU
		{6A1BF269-BF1A-4567-815C-05D355E0C9D1}.Release|Any CPU.ActiveCfg = Release|Any CPU
		{6A1BF269-BF1A-4567-815C-05D355E0C9D1}.Release|Any CPU.Build.0 = Release|Any CPU
		{E8E97F25-8CFB-4D54-A867-A54FD0EBA0F1}.Debug|Any CPU.ActiveCfg = Debug|Any CPU
		{E8E97F25-8CFB-4D54-A867-A54FD0EBA0F1}.Debug|Any CPU.Build.0 = Debug|Any CPU
		{E8E97F25-8CFB-4D54-A867-A54FD0EBA0F1}.Release|Any CPU.ActiveCfg = Release|Any CPU
		{E8E97F25-8CFB-4D54-A867-A54FD0EBA0F1}.Release|Any CPU.Build.0 = Release|Any CPU
		{5FFCB5D3-7329-4DC7-A6B3-74E42EA3C9E0}.Debug|Any CPU.ActiveCfg = Debug|Any CPU
		{5FFCB5D3-7329-4DC7-A6B3-74E42EA3C9E0}.Debug|Any CPU.Build.0 = Debug|Any CPU
		{5FFCB5D3-7329-4DC7-A6B3-74E42EA3C9E0}.Release|Any CPU.ActiveCfg = Release|Any CPU
		{5FFCB5D3-7329-4DC7-A6B3-74E42EA3C9E0}.Release|Any CPU.Build.0 = Release|Any CPU
		{3B3E15C7-05FE-49C1-AF2D-734C2A37B40E}.Debug|Any CPU.ActiveCfg = Debug|Any CPU
		{3B3E15C7-05FE-49C1-AF2D-734C2A37B40E}.Debug|Any CPU.Build.0 = Debug|Any CPU
		{3B3E15C7-05FE-49C1-AF2D-734C2A37B40E}.Release|Any CPU.ActiveCfg = Release|Any CPU
		{3B3E15C7-05FE-49C1-AF2D-734C2A37B40E}.Release|Any CPU.Build.0 = Release|Any CPU
		{F030C8A7-9BB2-416D-ABCE-83DBA4533E03}.Debug|Any CPU.ActiveCfg = Debug|Any CPU
		{F030C8A7-9BB2-416D-ABCE-83DBA4533E03}.Debug|Any CPU.Build.0 = Debug|Any CPU
		{F030C8A7-9BB2-416D-ABCE-83DBA4533E03}.Release|Any CPU.ActiveCfg = Release|Any CPU
		{F030C8A7-9BB2-416D-ABCE-83DBA4533E03}.Release|Any CPU.Build.0 = Release|Any CPU
		{624EEDF1-0A18-46CC-B7DE-50816F87B221}.Debug|Any CPU.ActiveCfg = Debug|Any CPU
		{624EEDF1-0A18-46CC-B7DE-50816F87B221}.Debug|Any CPU.Build.0 = Debug|Any CPU
		{624EEDF1-0A18-46CC-B7DE-50816F87B221}.Release|Any CPU.ActiveCfg = Release|Any CPU
		{624EEDF1-0A18-46CC-B7DE-50816F87B221}.Release|Any CPU.Build.0 = Release|Any CPU
		{46FA9043-57A6-49C5-AA7E-EBC015BF1409}.Debug|Any CPU.ActiveCfg = Debug|Any CPU
		{46FA9043-57A6-49C5-AA7E-EBC015BF1409}.Debug|Any CPU.Build.0 = Debug|Any CPU
		{46FA9043-57A6-49C5-AA7E-EBC015BF1409}.Release|Any CPU.ActiveCfg = Release|Any CPU
		{46FA9043-57A6-49C5-AA7E-EBC015BF1409}.Release|Any CPU.Build.0 = Release|Any CPU
		{2035E6FC-9112-452F-BA2A-D36D31E7E7A0}.Debug|Any CPU.ActiveCfg = Debug|Any CPU
		{2035E6FC-9112-452F-BA2A-D36D31E7E7A0}.Debug|Any CPU.Build.0 = Debug|Any CPU
		{2035E6FC-9112-452F-BA2A-D36D31E7E7A0}.Release|Any CPU.ActiveCfg = Release|Any CPU
		{2035E6FC-9112-452F-BA2A-D36D31E7E7A0}.Release|Any CPU.Build.0 = Release|Any CPU
		{1DEA9A91-A5DD-4348-8DE1-01FD5D87AA8B}.Debug|Any CPU.ActiveCfg = Debug|Any CPU
		{1DEA9A91-A5DD-4348-8DE1-01FD5D87AA8B}.Debug|Any CPU.Build.0 = Debug|Any CPU
		{1DEA9A91-A5DD-4348-8DE1-01FD5D87AA8B}.Release|Any CPU.ActiveCfg = Release|Any CPU
		{1DEA9A91-A5DD-4348-8DE1-01FD5D87AA8B}.Release|Any CPU.Build.0 = Release|Any CPU
		{412F4AAD-37F4-4E7B-8AB1-29D4120BA392}.Debug|Any CPU.ActiveCfg = Debug|Any CPU
		{412F4AAD-37F4-4E7B-8AB1-29D4120BA392}.Debug|Any CPU.Build.0 = Debug|Any CPU
		{412F4AAD-37F4-4E7B-8AB1-29D4120BA392}.Release|Any CPU.ActiveCfg = Release|Any CPU
		{412F4AAD-37F4-4E7B-8AB1-29D4120BA392}.Release|Any CPU.Build.0 = Release|Any CPU
		{B460470B-0570-4FB0-B0AE-CFB0FD589F67}.Debug|Any CPU.ActiveCfg = Debug|Any CPU
		{B460470B-0570-4FB0-B0AE-CFB0FD589F67}.Debug|Any CPU.Build.0 = Debug|Any CPU
		{B460470B-0570-4FB0-B0AE-CFB0FD589F67}.Release|Any CPU.ActiveCfg = Release|Any CPU
		{B460470B-0570-4FB0-B0AE-CFB0FD589F67}.Release|Any CPU.Build.0 = Release|Any CPU
		{34BD58CD-472B-4196-B0F1-A4C2A11F1C3B}.Debug|Any CPU.ActiveCfg = Debug|Any CPU
		{34BD58CD-472B-4196-B0F1-A4C2A11F1C3B}.Debug|Any CPU.Build.0 = Debug|Any CPU
		{34BD58CD-472B-4196-B0F1-A4C2A11F1C3B}.Release|Any CPU.ActiveCfg = Release|Any CPU
		{34BD58CD-472B-4196-B0F1-A4C2A11F1C3B}.Release|Any CPU.Build.0 = Release|Any CPU
		{726E051E-0CB5-4536-B689-EB7500B13E83}.Debug|Any CPU.ActiveCfg = Debug|Any CPU
		{726E051E-0CB5-4536-B689-EB7500B13E83}.Debug|Any CPU.Build.0 = Debug|Any CPU
		{726E051E-0CB5-4536-B689-EB7500B13E83}.Release|Any CPU.ActiveCfg = Release|Any CPU
		{726E051E-0CB5-4536-B689-EB7500B13E83}.Release|Any CPU.Build.0 = Release|Any CPU
		{446821A8-2862-4ADD-A794-8369EC76FBE2}.Debug|Any CPU.ActiveCfg = Debug|Any CPU
		{446821A8-2862-4ADD-A794-8369EC76FBE2}.Debug|Any CPU.Build.0 = Debug|Any CPU
		{446821A8-2862-4ADD-A794-8369EC76FBE2}.Release|Any CPU.ActiveCfg = Release|Any CPU
		{446821A8-2862-4ADD-A794-8369EC76FBE2}.Release|Any CPU.Build.0 = Release|Any CPU
		{191D46A9-7E00-4CA5-A241-A8B95C2A8019}.Debug|Any CPU.ActiveCfg = Debug|Any CPU
		{191D46A9-7E00-4CA5-A241-A8B95C2A8019}.Debug|Any CPU.Build.0 = Debug|Any CPU
		{191D46A9-7E00-4CA5-A241-A8B95C2A8019}.Release|Any CPU.ActiveCfg = Release|Any CPU
		{191D46A9-7E00-4CA5-A241-A8B95C2A8019}.Release|Any CPU.Build.0 = Release|Any CPU
		{A691ADF8-1DA2-46BE-BFB6-CE520F6ECE0F}.Debug|Any CPU.ActiveCfg = Debug|Any CPU
		{A691ADF8-1DA2-46BE-BFB6-CE520F6ECE0F}.Debug|Any CPU.Build.0 = Debug|Any CPU
		{A691ADF8-1DA2-46BE-BFB6-CE520F6ECE0F}.Release|Any CPU.ActiveCfg = Release|Any CPU
		{A691ADF8-1DA2-46BE-BFB6-CE520F6ECE0F}.Release|Any CPU.Build.0 = Release|Any CPU
		{9C7DB464-0601-4C68-A57F-C0752C046760}.Debug|Any CPU.ActiveCfg = Debug|Any CPU
		{9C7DB464-0601-4C68-A57F-C0752C046760}.Debug|Any CPU.Build.0 = Debug|Any CPU
		{9C7DB464-0601-4C68-A57F-C0752C046760}.Release|Any CPU.ActiveCfg = Release|Any CPU
		{9C7DB464-0601-4C68-A57F-C0752C046760}.Release|Any CPU.Build.0 = Release|Any CPU
		{DCFE2D7C-EF3C-4719-A38F-33ED856D4250}.Debug|Any CPU.ActiveCfg = Debug|Any CPU
		{DCFE2D7C-EF3C-4719-A38F-33ED856D4250}.Debug|Any CPU.Build.0 = Debug|Any CPU
		{DCFE2D7C-EF3C-4719-A38F-33ED856D4250}.Release|Any CPU.ActiveCfg = Release|Any CPU
		{DCFE2D7C-EF3C-4719-A38F-33ED856D4250}.Release|Any CPU.Build.0 = Release|Any CPU
		{B11E2F66-B9FE-4A68-9907-1C1B5513461D}.Debug|Any CPU.ActiveCfg = Debug|Any CPU
		{B11E2F66-B9FE-4A68-9907-1C1B5513461D}.Debug|Any CPU.Build.0 = Debug|Any CPU
		{B11E2F66-B9FE-4A68-9907-1C1B5513461D}.Release|Any CPU.ActiveCfg = Release|Any CPU
		{B11E2F66-B9FE-4A68-9907-1C1B5513461D}.Release|Any CPU.Build.0 = Release|Any CPU
		{C47AE101-708C-4B5F-8873-87E89ADEB422}.Debug|Any CPU.ActiveCfg = Debug|Any CPU
		{C47AE101-708C-4B5F-8873-87E89ADEB422}.Debug|Any CPU.Build.0 = Debug|Any CPU
		{C47AE101-708C-4B5F-8873-87E89ADEB422}.Release|Any CPU.ActiveCfg = Release|Any CPU
		{C47AE101-708C-4B5F-8873-87E89ADEB422}.Release|Any CPU.Build.0 = Release|Any CPU
		{828EA200-ADEC-4A9F-8427-A216D2A09FCE}.Debug|Any CPU.ActiveCfg = Debug|Any CPU
		{828EA200-ADEC-4A9F-8427-A216D2A09FCE}.Debug|Any CPU.Build.0 = Debug|Any CPU
		{828EA200-ADEC-4A9F-8427-A216D2A09FCE}.Release|Any CPU.ActiveCfg = Release|Any CPU
		{828EA200-ADEC-4A9F-8427-A216D2A09FCE}.Release|Any CPU.Build.0 = Release|Any CPU
		{DD62CDAE-35AF-481A-A60D-D2C2FCDC4007}.Debug|Any CPU.ActiveCfg = Debug|Any CPU
		{DD62CDAE-35AF-481A-A60D-D2C2FCDC4007}.Debug|Any CPU.Build.0 = Debug|Any CPU
		{DD62CDAE-35AF-481A-A60D-D2C2FCDC4007}.Release|Any CPU.ActiveCfg = Release|Any CPU
		{DD62CDAE-35AF-481A-A60D-D2C2FCDC4007}.Release|Any CPU.Build.0 = Release|Any CPU
		{62140975-CC3A-4D79-A5E3-C3AB4DFF4A5C}.Debug|Any CPU.ActiveCfg = Debug|Any CPU
		{62140975-CC3A-4D79-A5E3-C3AB4DFF4A5C}.Debug|Any CPU.Build.0 = Debug|Any CPU
		{62140975-CC3A-4D79-A5E3-C3AB4DFF4A5C}.Release|Any CPU.ActiveCfg = Release|Any CPU
		{62140975-CC3A-4D79-A5E3-C3AB4DFF4A5C}.Release|Any CPU.Build.0 = Release|Any CPU
		{26522CFC-87EE-47CF-A7FF-E88EBD601500}.Debug|Any CPU.ActiveCfg = Debug|Any CPU
		{26522CFC-87EE-47CF-A7FF-E88EBD601500}.Debug|Any CPU.Build.0 = Debug|Any CPU
		{26522CFC-87EE-47CF-A7FF-E88EBD601500}.Release|Any CPU.ActiveCfg = Release|Any CPU
		{26522CFC-87EE-47CF-A7FF-E88EBD601500}.Release|Any CPU.Build.0 = Release|Any CPU
		{D0FE3AEA-ECAB-43FC-B37D-C2F22CF313F4}.Debug|Any CPU.ActiveCfg = Debug|Any CPU
		{D0FE3AEA-ECAB-43FC-B37D-C2F22CF313F4}.Debug|Any CPU.Build.0 = Debug|Any CPU
		{D0FE3AEA-ECAB-43FC-B37D-C2F22CF313F4}.Release|Any CPU.ActiveCfg = Release|Any CPU
		{D0FE3AEA-ECAB-43FC-B37D-C2F22CF313F4}.Release|Any CPU.Build.0 = Release|Any CPU
		{6952BF3F-11AC-4CDB-B620-2B5E0AFC24B2}.Debug|Any CPU.ActiveCfg = Debug|Any CPU
		{6952BF3F-11AC-4CDB-B620-2B5E0AFC24B2}.Debug|Any CPU.Build.0 = Debug|Any CPU
		{6952BF3F-11AC-4CDB-B620-2B5E0AFC24B2}.Release|Any CPU.ActiveCfg = Release|Any CPU
		{6952BF3F-11AC-4CDB-B620-2B5E0AFC24B2}.Release|Any CPU.Build.0 = Release|Any CPU
		{DD9BA800-901D-4BC1-84D4-60CC3EC87C8B}.Debug|Any CPU.ActiveCfg = Debug|Any CPU
		{DD9BA800-901D-4BC1-84D4-60CC3EC87C8B}.Debug|Any CPU.Build.0 = Debug|Any CPU
		{DD9BA800-901D-4BC1-84D4-60CC3EC87C8B}.Release|Any CPU.ActiveCfg = Release|Any CPU
		{DD9BA800-901D-4BC1-84D4-60CC3EC87C8B}.Release|Any CPU.Build.0 = Release|Any CPU
		{2FB08481-FCA2-4D7D-8DF5-5C565A378836}.Debug|Any CPU.ActiveCfg = Debug|Any CPU
		{2FB08481-FCA2-4D7D-8DF5-5C565A378836}.Debug|Any CPU.Build.0 = Debug|Any CPU
		{2FB08481-FCA2-4D7D-8DF5-5C565A378836}.Release|Any CPU.ActiveCfg = Release|Any CPU
		{2FB08481-FCA2-4D7D-8DF5-5C565A378836}.Release|Any CPU.Build.0 = Release|Any CPU
	EndGlobalSection
	GlobalSection(SolutionProperties) = preSolution
		HideSolutionNode = FALSE
	EndGlobalSection
	GlobalSection(ExtensibilityGlobals) = postSolution
		SolutionGuid = {61BCF63C-8C18-42AB-8D6E-DC00FBBE1669}
	EndGlobalSection
EndGlobal
